
Microsoft Visual Studio Solution File, Format Version 12.00
# Visual Studio Version 17
VisualStudioVersion = 17.14.36408.4 d17.14
MinimumVisualStudioVersion = 10.0.40219.1
Project("{FAE04EC0-301F-11D3-BF4B-00C04F79EFBC}") = "MoneyTracker_API", "MoneyTracker_API\MoneyTracker_API.csproj", "{0BBD1CEF-5359-47A3-8CEC-854B43A09AE9}"
EndProject
Project("{FAE04EC0-301F-11D3-BF4B-00C04F79EFBC}") = "MoneyTracker_Utility", "MoneyTracker_Utility\MoneyTracker_Utility.csproj", "{ED2A21C0-DC6E-4C0B-89EF-D35D4DAA1D44}"
EndProject
Global
	GlobalSection(SolutionConfigurationPlatforms) = preSolution
		Debug|Any CPU = Debug|Any CPU
		Release|Any CPU = Release|Any CPU
	EndGlobalSection
	GlobalSection(ProjectConfigurationPlatforms) = postSolution
		{0BBD1CEF-5359-47A3-8CEC-854B43A09AE9}.Debug|Any CPU.ActiveCfg = Debug|Any CPU
		{0BBD1CEF-5359-47A3-8CEC-854B43A09AE9}.Debug|Any CPU.Build.0 = Debug|Any CPU
		{0BBD1CEF-5359-47A3-8CEC-854B43A09AE9}.Release|Any CPU.ActiveCfg = Release|Any CPU
		{0BBD1CEF-5359-47A3-8CEC-854B43A09AE9}.Release|Any CPU.Build.0 = Release|Any CPU
		{ED2A21C0-DC6E-4C0B-89EF-D35D4DAA1D44}.Debug|Any CPU.ActiveCfg = Debug|Any CPU
		{ED2A21C0-DC6E-4C0B-89EF-D35D4DAA1D44}.Debug|Any CPU.Build.0 = Debug|Any CPU
		{ED2A21C0-DC6E-4C0B-89EF-D35D4DAA1D44}.Release|Any CPU.ActiveCfg = Release|Any CPU
		{ED2A21C0-DC6E-4C0B-89EF-D35D4DAA1D44}.Release|Any CPU.Build.0 = Release|Any CPU
	EndGlobalSection
	GlobalSection(SolutionProperties) = preSolution
		HideSolutionNode = FALSE
	EndGlobalSection
	GlobalSection(ExtensibilityGlobals) = postSolution
		SolutionGuid = {4892A9C6-7772-4361-8110-74B4EBD297B4}
	EndGlobalSection
EndGlobal
